
Microsoft Visual Studio Solution File, Format Version 12.00
# Visual Studio Version 17
VisualStudioVersion = 17.11.35327.3
MinimumVisualStudioVersion = 10.0.40219.1
Project("{8BC9CEB8-8B4A-11D0-8D11-00A0C91BC942}") = "TemaLabOOP1.1", "TemaLabOOP1.1\TemaLabOOP1.1.vcxproj", "{07CC4D79-4FE4-422F-BAAA-C9DA4BC113F5}"
EndProject
Project("{8BC9CEB8-8B4A-11D0-8D11-00A0C91BC942}") = "TemaLabOOP1.2", "TemaLabOOP1.2\TemaLabOOP1.2.vcxproj", "{C911778B-B7F0-4E69-9B93-1E450BB429F9}"
EndProject
Project("{8BC9CEB8-8B4A-11D0-8D11-00A0C91BC942}") = "TemaLabOOP2.1", "TemaLabOOP2.1\TemaLabOOP2.1.vcxproj", "{02BC3C3F-E883-467B-894F-03A5D39DC9CF}"
EndProject
Project("{8BC9CEB8-8B4A-11D0-8D11-00A0C91BC942}") = "TemaLabOOP2.2", "TemaLabOOP2.2\TemaLabOOP2.2.vcxproj", "{D5A97959-0171-4BA4-9BE1-9E0FB4879E6C}"
EndProject
Project("{8BC9CEB8-8B4A-11D0-8D11-00A0C91BC942}") = "TemaLabOOP2.3", "TemaLabOOP2.3\TemaLabOOP2.3.vcxproj", "{9BA85765-BDEF-452B-A692-C732C8526029}"
EndProject
Project("{8BC9CEB8-8B4A-11D0-8D11-00A0C91BC942}") = "TemaLabOOP2.4", "TemaLabOOP2.4\TemaLabOOP2.4.vcxproj", "{32D29A8B-2722-444F-91EC-6C5DDBC4FC2C}"
EndProject
Project("{8BC9CEB8-8B4A-11D0-8D11-00A0C91BC942}") = "TemaLabOOP2.5", "TemaLabOOP2.5\TemaLabOOP2.5.vcxproj", "{1E72C277-2F32-43F1-ADDF-E8FC0059DC9C}"
EndProject
Project("{8BC9CEB8-8B4A-11D0-8D11-00A0C91BC942}") = "TemaLabOOP3.1", "TemaLabOOP3.1\TemaLabOOP3.1.vcxproj", "{F76942A3-0207-4583-827C-884176C3C856}"
EndProject
Project("{8BC9CEB8-8B4A-11D0-8D11-00A0C91BC942}") = "TemaLabOOP3.2", "TemaLabOOP3.2\TemaLabOOP3.2.vcxproj", "{00277C38-790D-4C48-8CC6-E725A1FAFF45}"
EndProject
Project("{8BC9CEB8-8B4A-11D0-8D11-00A0C91BC942}") = "TemaLabOOP3.3", "TemaLabOOP3.3\TemaLabOOP3.3.vcxproj", "{66B27E88-102C-4E6A-90B3-288EEFBBFA46}"
EndProject
Project("{8BC9CEB8-8B4A-11D0-8D11-00A0C91BC942}") = "TemaLabOOP3.4", "TemaLabOOP3.4\TemaLabOOP3.4.vcxproj", "{56AC703C-C019-47C4-9C14-7E06047A3E23}"
EndProject
Project("{8BC9CEB8-8B4A-11D0-8D11-00A0C91BC942}") = "TemaLabOOP3.5", "TemaLabOOP3.5\TemaLabOOP3.5.vcxproj", "{04B6006E-BF18-4B5A-A4A9-937829DC038D}"
EndProject
Project("{8BC9CEB8-8B4A-11D0-8D11-00A0C91BC942}") = "TemaLabOOP4.1", "TemaLabOOP4.1\TemaLabOOP4.1.vcxproj", "{E0E77A6C-50E4-4AFE-B0A2-358CE3E969AC}"
EndProject
Project("{8BC9CEB8-8B4A-11D0-8D11-00A0C91BC942}") = "TemaLabOOP4.2", "TemaLabOOP4.2\TemaLabOOP4.2.vcxproj", "{33E2C616-29A9-4B05-B91D-CF00557BF0DE}"
EndProject
Project("{8BC9CEB8-8B4A-11D0-8D11-00A0C91BC942}") = "TemaLabOOP4.3", "TemaLabOOP4.3\TemaLabOOP4.3.vcxproj", "{806AC9CE-2956-4C78-830F-05BFF7304DC1}"
EndProject
Project("{8BC9CEB8-8B4A-11D0-8D11-00A0C91BC942}") = "TemaLabOOP5.1", "TemaLabOOP5.1\TemaLabOOP5.1.vcxproj", "{84C1B88B-8583-4462-AE2D-E8AABA67CFA3}"
EndProject
Project("{8BC9CEB8-8B4A-11D0-8D11-00A0C91BC942}") = "TemaLabOOP5.2", "TemaLabOOP5.2\TemaLabOOP5.2.vcxproj", "{0674F15E-9880-4D34-B98B-A584204B568D}"
EndProject
Global
	GlobalSection(SolutionConfigurationPlatforms) = preSolution
		Debug|x64 = Debug|x64
		Debug|x86 = Debug|x86
		Release|x64 = Release|x64
		Release|x86 = Release|x86
	EndGlobalSection
	GlobalSection(ProjectConfigurationPlatforms) = postSolution
		{07CC4D79-4FE4-422F-BAAA-C9DA4BC113F5}.Debug|x64.ActiveCfg = Debug|x64
		{07CC4D79-4FE4-422F-BAAA-C9DA4BC113F5}.Debug|x64.Build.0 = Debug|x64
		{07CC4D79-4FE4-422F-BAAA-C9DA4BC113F5}.Debug|x86.ActiveCfg = Debug|Win32
		{07CC4D79-4FE4-422F-BAAA-C9DA4BC113F5}.Debug|x86.Build.0 = Debug|Win32
		{07CC4D79-4FE4-422F-BAAA-C9DA4BC113F5}.Release|x64.ActiveCfg = Release|x64
		{07CC4D79-4FE4-422F-BAAA-C9DA4BC113F5}.Release|x64.Build.0 = Release|x64
		{07CC4D79-4FE4-422F-BAAA-C9DA4BC113F5}.Release|x86.ActiveCfg = Release|Win32
		{07CC4D79-4FE4-422F-BAAA-C9DA4BC113F5}.Release|x86.Build.0 = Release|Win32
		{C911778B-B7F0-4E69-9B93-1E450BB429F9}.Debug|x64.ActiveCfg = Debug|x64
		{C911778B-B7F0-4E69-9B93-1E450BB429F9}.Debug|x64.Build.0 = Debug|x64
		{C911778B-B7F0-4E69-9B93-1E450BB429F9}.Debug|x86.ActiveCfg = Debug|Win32
		{C911778B-B7F0-4E69-9B93-1E450BB429F9}.Debug|x86.Build.0 = Debug|Win32
		{C911778B-B7F0-4E69-9B93-1E450BB429F9}.Release|x64.ActiveCfg = Release|x64
		{C911778B-B7F0-4E69-9B93-1E450BB429F9}.Release|x64.Build.0 = Release|x64
		{C911778B-B7F0-4E69-9B93-1E450BB429F9}.Release|x86.ActiveCfg = Release|Win32
		{C911778B-B7F0-4E69-9B93-1E450BB429F9}.Release|x86.Build.0 = Release|Win32
		{02BC3C3F-E883-467B-894F-03A5D39DC9CF}.Debug|x64.ActiveCfg = Debug|x64
		{02BC3C3F-E883-467B-894F-03A5D39DC9CF}.Debug|x64.Build.0 = Debug|x64
		{02BC3C3F-E883-467B-894F-03A5D39DC9CF}.Debug|x86.ActiveCfg = Debug|Win32
		{02BC3C3F-E883-467B-894F-03A5D39DC9CF}.Debug|x86.Build.0 = Debug|Win32
		{02BC3C3F-E883-467B-894F-03A5D39DC9CF}.Release|x64.ActiveCfg = Release|x64
		{02BC3C3F-E883-467B-894F-03A5D39DC9CF}.Release|x64.Build.0 = Release|x64
		{02BC3C3F-E883-467B-894F-03A5D39DC9CF}.Release|x86.ActiveCfg = Release|Win32
		{02BC3C3F-E883-467B-894F-03A5D39DC9CF}.Release|x86.Build.0 = Release|Win32
		{D5A97959-0171-4BA4-9BE1-9E0FB4879E6C}.Debug|x64.ActiveCfg = Debug|x64
		{D5A97959-0171-4BA4-9BE1-9E0FB4879E6C}.Debug|x64.Build.0 = Debug|x64
		{D5A97959-0171-4BA4-9BE1-9E0FB4879E6C}.Debug|x86.ActiveCfg = Debug|Win32
		{D5A97959-0171-4BA4-9BE1-9E0FB4879E6C}.Debug|x86.Build.0 = Debug|Win32
		{D5A97959-0171-4BA4-9BE1-9E0FB4879E6C}.Release|x64.ActiveCfg = Release|x64
		{D5A97959-0171-4BA4-9BE1-9E0FB4879E6C}.Release|x64.Build.0 = Release|x64
		{D5A97959-0171-4BA4-9BE1-9E0FB4879E6C}.Release|x86.ActiveCfg = Release|Win32
		{D5A97959-0171-4BA4-9BE1-9E0FB4879E6C}.Release|x86.Build.0 = Release|Win32
		{9BA85765-BDEF-452B-A692-C732C8526029}.Debug|x64.ActiveCfg = Debug|x64
		{9BA85765-BDEF-452B-A692-C732C8526029}.Debug|x64.Build.0 = Debug|x64
		{9BA85765-BDEF-452B-A692-C732C8526029}.Debug|x86.ActiveCfg = Debug|Win32
		{9BA85765-BDEF-452B-A692-C732C8526029}.Debug|x86.Build.0 = Debug|Win32
		{9BA85765-BDEF-452B-A692-C732C8526029}.Release|x64.ActiveCfg = Release|x64
		{9BA85765-BDEF-452B-A692-C732C8526029}.Release|x64.Build.0 = Release|x64
		{9BA85765-BDEF-452B-A692-C732C8526029}.Release|x86.ActiveCfg = Release|Win32
		{9BA85765-BDEF-452B-A692-C732C8526029}.Release|x86.Build.0 = Release|Win32
		{32D29A8B-2722-444F-91EC-6C5DDBC4FC2C}.Debug|x64.ActiveCfg = Debug|x64
		{32D29A8B-2722-444F-91EC-6C5DDBC4FC2C}.Debug|x64.Build.0 = Debug|x64
		{32D29A8B-2722-444F-91EC-6C5DDBC4FC2C}.Debug|x86.ActiveCfg = Debug|Win32
		{32D29A8B-2722-444F-91EC-6C5DDBC4FC2C}.Debug|x86.Build.0 = Debug|Win32
		{32D29A8B-2722-444F-91EC-6C5DDBC4FC2C}.Release|x64.ActiveCfg = Release|x64
		{32D29A8B-2722-444F-91EC-6C5DDBC4FC2C}.Release|x64.Build.0 = Release|x64
		{32D29A8B-2722-444F-91EC-6C5DDBC4FC2C}.Release|x86.ActiveCfg = Release|Win32
		{32D29A8B-2722-444F-91EC-6C5DDBC4FC2C}.Release|x86.Build.0 = Release|Win32
		{1E72C277-2F32-43F1-ADDF-E8FC0059DC9C}.Debug|x64.ActiveCfg = Debug|x64
		{1E72C277-2F32-43F1-ADDF-E8FC0059DC9C}.Debug|x64.Build.0 = Debug|x64
		{1E72C277-2F32-43F1-ADDF-E8FC0059DC9C}.Debug|x86.ActiveCfg = Debug|Win32
		{1E72C277-2F32-43F1-ADDF-E8FC0059DC9C}.Debug|x86.Build.0 = Debug|Win32
		{1E72C277-2F32-43F1-ADDF-E8FC0059DC9C}.Release|x64.ActiveCfg = Release|x64
		{1E72C277-2F32-43F1-ADDF-E8FC0059DC9C}.Release|x64.Build.0 = Release|x64
		{1E72C277-2F32-43F1-ADDF-E8FC0059DC9C}.Release|x86.ActiveCfg = Release|Win32
		{1E72C277-2F32-43F1-ADDF-E8FC0059DC9C}.Release|x86.Build.0 = Release|Win32
		{F76942A3-0207-4583-827C-884176C3C856}.Debug|x64.ActiveCfg = Debug|x64
		{F76942A3-0207-4583-827C-884176C3C856}.Debug|x64.Build.0 = Debug|x64
		{F76942A3-0207-4583-827C-884176C3C856}.Debug|x86.ActiveCfg = Debug|Win32
		{F76942A3-0207-4583-827C-884176C3C856}.Debug|x86.Build.0 = Debug|Win32
		{F76942A3-0207-4583-827C-884176C3C856}.Release|x64.ActiveCfg = Release|x64
		{F76942A3-0207-4583-827C-884176C3C856}.Release|x64.Build.0 = Release|x64
		{F76942A3-0207-4583-827C-884176C3C856}.Release|x86.ActiveCfg = Release|Win32
		{F76942A3-0207-4583-827C-884176C3C856}.Release|x86.Build.0 = Release|Win32
		{00277C38-790D-4C48-8CC6-E725A1FAFF45}.Debug|x64.ActiveCfg = Debug|x64
		{00277C38-790D-4C48-8CC6-E725A1FAFF45}.Debug|x64.Build.0 = Debug|x64
		{00277C38-790D-4C48-8CC6-E725A1FAFF45}.Debug|x86.ActiveCfg = Debug|Win32
		{00277C38-790D-4C48-8CC6-E725A1FAFF45}.Debug|x86.Build.0 = Debug|Win32
		{00277C38-790D-4C48-8CC6-E725A1FAFF45}.Release|x64.ActiveCfg = Release|x64
		{00277C38-790D-4C48-8CC6-E725A1FAFF45}.Release|x64.Build.0 = Release|x64
		{00277C38-790D-4C48-8CC6-E725A1FAFF45}.Release|x86.ActiveCfg = Release|Win32
		{00277C38-790D-4C48-8CC6-E725A1FAFF45}.Release|x86.Build.0 = Release|Win32
		{66B27E88-102C-4E6A-90B3-288EEFBBFA46}.Debug|x64.ActiveCfg = Debug|x64
		{66B27E88-102C-4E6A-90B3-288EEFBBFA46}.Debug|x64.Build.0 = Debug|x64
		{66B27E88-102C-4E6A-90B3-288EEFBBFA46}.Debug|x86.ActiveCfg = Debug|Win32
		{66B27E88-102C-4E6A-90B3-288EEFBBFA46}.Debug|x86.Build.0 = Debug|Win32
		{66B27E88-102C-4E6A-90B3-288EEFBBFA46}.Release|x64.ActiveCfg = Release|x64
		{66B27E88-102C-4E6A-90B3-288EEFBBFA46}.Release|x64.Build.0 = Release|x64
		{66B27E88-102C-4E6A-90B3-288EEFBBFA46}.Release|x86.ActiveCfg = Release|Win32
		{66B27E88-102C-4E6A-90B3-288EEFBBFA46}.Release|x86.Build.0 = Release|Win32
		{56AC703C-C019-47C4-9C14-7E06047A3E23}.Debug|x64.ActiveCfg = Debug|x64
		{56AC703C-C019-47C4-9C14-7E06047A3E23}.Debug|x64.Build.0 = Debug|x64
		{56AC703C-C019-47C4-9C14-7E06047A3E23}.Debug|x86.ActiveCfg = Debug|Win32
		{56AC703C-C019-47C4-9C14-7E06047A3E23}.Debug|x86.Build.0 = Debug|Win32
		{56AC703C-C019-47C4-9C14-7E06047A3E23}.Release|x64.ActiveCfg = Release|x64
		{56AC703C-C019-47C4-9C14-7E06047A3E23}.Release|x64.Build.0 = Release|x64
		{56AC703C-C019-47C4-9C14-7E06047A3E23}.Release|x86.ActiveCfg = Release|Win32
		{56AC703C-C019-47C4-9C14-7E06047A3E23}.Release|x86.Build.0 = Release|Win32
		{04B6006E-BF18-4B5A-A4A9-937829DC038D}.Debug|x64.ActiveCfg = Debug|x64
		{04B6006E-BF18-4B5A-A4A9-937829DC038D}.Debug|x64.Build.0 = Debug|x64
		{04B6006E-BF18-4B5A-A4A9-937829DC038D}.Debug|x86.ActiveCfg = Debug|Win32
		{04B6006E-BF18-4B5A-A4A9-937829DC038D}.Debug|x86.Build.0 = Debug|Win32
		{04B6006E-BF18-4B5A-A4A9-937829DC038D}.Release|x64.ActiveCfg = Release|x64
		{04B6006E-BF18-4B5A-A4A9-937829DC038D}.Release|x64.Build.0 = Release|x64
		{04B6006E-BF18-4B5A-A4A9-937829DC038D}.Release|x86.ActiveCfg = Release|Win32
		{04B6006E-BF18-4B5A-A4A9-937829DC038D}.Release|x86.Build.0 = Release|Win32
		{E0E77A6C-50E4-4AFE-B0A2-358CE3E969AC}.Debug|x64.ActiveCfg = Debug|x64
		{E0E77A6C-50E4-4AFE-B0A2-358CE3E969AC}.Debug|x64.Build.0 = Debug|x64
		{E0E77A6C-50E4-4AFE-B0A2-358CE3E969AC}.Debug|x86.ActiveCfg = Debug|Win32
		{E0E77A6C-50E4-4AFE-B0A2-358CE3E969AC}.Debug|x86.Build.0 = Debug|Win32
		{E0E77A6C-50E4-4AFE-B0A2-358CE3E969AC}.Release|x64.ActiveCfg = Release|x64
		{E0E77A6C-50E4-4AFE-B0A2-358CE3E969AC}.Release|x64.Build.0 = Release|x64
		{E0E77A6C-50E4-4AFE-B0A2-358CE3E969AC}.Release|x86.ActiveCfg = Release|Win32
		{E0E77A6C-50E4-4AFE-B0A2-358CE3E969AC}.Release|x86.Build.0 = Release|Win32
		{33E2C616-29A9-4B05-B91D-CF00557BF0DE}.Debug|x64.ActiveCfg = Debug|x64
		{33E2C616-29A9-4B05-B91D-CF00557BF0DE}.Debug|x64.Build.0 = Debug|x64
		{33E2C616-29A9-4B05-B91D-CF00557BF0DE}.Debug|x86.ActiveCfg = Debug|Win32
		{33E2C616-29A9-4B05-B91D-CF00557BF0DE}.Debug|x86.Build.0 = Debug|Win32
		{33E2C616-29A9-4B05-B91D-CF00557BF0DE}.Release|x64.ActiveCfg = Release|x64
		{33E2C616-29A9-4B05-B91D-CF00557BF0DE}.Release|x64.Build.0 = Release|x64
		{33E2C616-29A9-4B05-B91D-CF00557BF0DE}.Release|x86.ActiveCfg = Release|Win32
		{33E2C616-29A9-4B05-B91D-CF00557BF0DE}.Release|x86.Build.0 = Release|Win32
		{806AC9CE-2956-4C78-830F-05BFF7304DC1}.Debug|x64.ActiveCfg = Debug|x64
		{806AC9CE-2956-4C78-830F-05BFF7304DC1}.Debug|x64.Build.0 = Debug|x64
		{806AC9CE-2956-4C78-830F-05BFF7304DC1}.Debug|x86.ActiveCfg = Debug|Win32
		{806AC9CE-2956-4C78-830F-05BFF7304DC1}.Debug|x86.Build.0 = Debug|Win32
		{806AC9CE-2956-4C78-830F-05BFF7304DC1}.Release|x64.ActiveCfg = Release|x64
		{806AC9CE-2956-4C78-830F-05BFF7304DC1}.Release|x64.Build.0 = Release|x64
		{806AC9CE-2956-4C78-830F-05BFF7304DC1}.Release|x86.ActiveCfg = Release|Win32
		{806AC9CE-2956-4C78-830F-05BFF7304DC1}.Release|x86.Build.0 = Release|Win32
		{84C1B88B-8583-4462-AE2D-E8AABA67CFA3}.Debug|x64.ActiveCfg = Debug|x64
		{84C1B88B-8583-4462-AE2D-E8AABA67CFA3}.Debug|x64.Build.0 = Debug|x64
		{84C1B88B-8583-4462-AE2D-E8AABA67CFA3}.Debug|x86.ActiveCfg = Debug|Win32
		{84C1B88B-8583-4462-AE2D-E8AABA67CFA3}.Debug|x86.Build.0 = Debug|Win32
		{84C1B88B-8583-4462-AE2D-E8AABA67CFA3}.Release|x64.ActiveCfg = Release|x64
		{84C1B88B-8583-4462-AE2D-E8AABA67CFA3}.Release|x64.Build.0 = Release|x64
		{84C1B88B-8583-4462-AE2D-E8AABA67CFA3}.Release|x86.ActiveCfg = Release|Win32
		{84C1B88B-8583-4462-AE2D-E8AABA67CFA3}.Release|x86.Build.0 = Release|Win32
		{0674F15E-9880-4D34-B98B-A584204B568D}.Debug|x64.ActiveCfg = Debug|x64
		{0674F15E-9880-4D34-B98B-A584204B568D}.Debug|x64.Build.0 = Debug|x64
		{0674F15E-9880-4D34-B98B-A584204B568D}.Debug|x86.ActiveCfg = Debug|Win32
		{0674F15E-9880-4D34-B98B-A584204B568D}.Debug|x86.Build.0 = Debug|Win32
		{0674F15E-9880-4D34-B98B-A584204B568D}.Release|x64.ActiveCfg = Release|x64
		{0674F15E-9880-4D34-B98B-A584204B568D}.Release|x64.Build.0 = Release|x64
		{0674F15E-9880-4D34-B98B-A584204B568D}.Release|x86.ActiveCfg = Release|Win32
		{0674F15E-9880-4D34-B98B-A584204B568D}.Release|x86.Build.0 = Release|Win32
	EndGlobalSection
	GlobalSection(SolutionProperties) = preSolution
		HideSolutionNode = FALSE
	EndGlobalSection
	GlobalSection(ExtensibilityGlobals) = postSolution
		SolutionGuid = {15B10CD4-A86B-4397-B3B6-814F9A169F9B}
	EndGlobalSection
EndGlobal
